
Microsoft Visual Studio Solution File, Format Version 12.00
# Visual Studio Version 17
VisualStudioVersion = 17.4.33205.214
MinimumVisualStudioVersion = 10.0.40219.1
Project("{FAE04EC0-301F-11D3-BF4B-00C04F79EFBC}") = "SprocketCacheApplication", "SprocketCacheApplication\SprocketCacheApplication.csproj", "{059164F4-44D7-4D4F-9434-B6C007745DAA}"
EndProject
Project("{FAE04EC0-301F-11D3-BF4B-00C04F79EFBC}") = "SprocketCacheTest", "SprocketCacheTest\SprocketCacheTest.csproj", "{26F8AD93-0E90-4776-AAA2-A03E1A50933D}"
EndProject
Global
	GlobalSection(SolutionConfigurationPlatforms) = preSolution
		Debug|Any CPU = Debug|Any CPU
		Release|Any CPU = Release|Any CPU
	EndGlobalSection
	GlobalSection(ProjectConfigurationPlatforms) = postSolution
		{059164F4-44D7-4D4F-9434-B6C007745DAA}.Debug|Any CPU.ActiveCfg = Debug|Any CPU
		{059164F4-44D7-4D4F-9434-B6C007745DAA}.Debug|Any CPU.Build.0 = Debug|Any CPU
		{059164F4-44D7-4D4F-9434-B6C007745DAA}.Release|Any CPU.ActiveCfg = Release|Any CPU
		{059164F4-44D7-4D4F-9434-B6C007745DAA}.Release|Any CPU.Build.0 = Release|Any CPU
		{26F8AD93-0E90-4776-AAA2-A03E1A50933D}.Debug|Any CPU.ActiveCfg = Debug|Any CPU
		{26F8AD93-0E90-4776-AAA2-A03E1A50933D}.Debug|Any CPU.Build.0 = Debug|Any CPU
		{26F8AD93-0E90-4776-AAA2-A03E1A50933D}.Release|Any CPU.ActiveCfg = Release|Any CPU
		{26F8AD93-0E90-4776-AAA2-A03E1A50933D}.Release|Any CPU.Build.0 = Release|Any CPU
	EndGlobalSection
	GlobalSection(SolutionProperties) = preSolution
		HideSolutionNode = FALSE
	EndGlobalSection
	GlobalSection(ExtensibilityGlobals) = postSolution
		SolutionGuid = {1A00137F-A29D-4D72-A6E9-285F56D506AE}
	EndGlobalSection
EndGlobal
